
Microsoft Visual Studio Solution File, Format Version 12.00
# Visual Studio Version 16
VisualStudioVersion = 16.0.31005.135
MinimumVisualStudioVersion = 10.0.40219.1
Project("{FAE04EC0-301F-11D3-BF4B-00C04F79EFBC}") = "Carlos01", "Carlos01\Carlos01.csproj", "{50E96897-2998-4596-A51F-DB3B4C9C01AC}"
EndProject
Global
	GlobalSection(SolutionConfigurationPlatforms) = preSolution
		Debug|Any CPU = Debug|Any CPU
		Release|Any CPU = Release|Any CPU
	EndGlobalSection
	GlobalSection(ProjectConfigurationPlatforms) = postSolution
		{50E96897-2998-4596-A51F-DB3B4C9C01AC}.Debug|Any CPU.ActiveCfg = Debug|Any CPU
		{50E96897-2998-4596-A51F-DB3B4C9C01AC}.Debug|Any CPU.Build.0 = Debug|Any CPU
		{50E96897-2998-4596-A51F-DB3B4C9C01AC}.Release|Any CPU.ActiveCfg = Release|Any CPU
		{50E96897-2998-4596-A51F-DB3B4C9C01AC}.Release|Any CPU.Build.0 = Release|Any CPU
	EndGlobalSection
	GlobalSection(SolutionProperties) = preSolution
		HideSolutionNode = FALSE
	EndGlobalSection
	GlobalSection(ExtensibilityGlobals) = postSolution
		SolutionGuid = {EF8CABA5-8865-49D0-8361-FE44C68D7CCE}
	EndGlobalSection
EndGlobal
